
Microsoft Visual Studio Solution File, Format Version 12.00
# Visual Studio Version 16
VisualStudioVersion = 16.0.29306.81
MinimumVisualStudioVersion = 10.0.40219.1
Project("{FAE04EC0-301F-11D3-BF4B-00C04F79EFBC}") = "TestApp MVC", "TestApp MVC\TestApp MVC.csproj", "{C761526B-27E9-4C2E-BBAA-76F508BDA43E}"
EndProject
Global
	GlobalSection(SolutionConfigurationPlatforms) = preSolution
		Debug|Any CPU = Debug|Any CPU
		Release|Any CPU = Release|Any CPU
	EndGlobalSection
	GlobalSection(ProjectConfigurationPlatforms) = postSolution
		{C761526B-27E9-4C2E-BBAA-76F508BDA43E}.Debug|Any CPU.ActiveCfg = Debug|Any CPU
		{C761526B-27E9-4C2E-BBAA-76F508BDA43E}.Debug|Any CPU.Build.0 = Debug|Any CPU
		{C761526B-27E9-4C2E-BBAA-76F508BDA43E}.Release|Any CPU.ActiveCfg = Release|Any CPU
		{C761526B-27E9-4C2E-BBAA-76F508BDA43E}.Release|Any CPU.Build.0 = Release|Any CPU
	EndGlobalSection
	GlobalSection(SolutionProperties) = preSolution
		HideSolutionNode = FALSE
	EndGlobalSection
	GlobalSection(ExtensibilityGlobals) = postSolution
		SolutionGuid = {25E50BB2-21BF-4696-B738-2C5DC0357DB8}
	EndGlobalSection
EndGlobal
